
Microsoft Visual Studio Solution File, Format Version 12.00
# Visual Studio 2015
Project("{FAE04EC0-301F-11D3-BF4B-00C04F79EFBC}") = "seed.CSharp.Plugins", "seed.CSharp.Plugins.csproj", "{DA87D0F3-D037-63D6-8CBE-AB42C10423C5}"
EndProject
Project("{FAE04EC0-301F-11D3-BF4B-00C04F79EFBC}") = "seed.CSharp", "seed.CSharp.csproj", "{2BFC0228-76B1-B3DE-3378-A1732C593ADA}"
EndProject
Project("{FAE04EC0-301F-11D3-BF4B-00C04F79EFBC}") = "seed.CSharp.Editor", "seed.CSharp.Editor.csproj", "{AA502539-597C-9C4E-53CA-E9A8561F44F1}"
EndProject
Global
	GlobalSection(SolutionConfigurationPlatforms) = preSolution
		Debug|Any CPU = Debug|Any CPU
		Release|Any CPU = Release|Any CPU
	EndGlobalSection
	GlobalSection(ProjectConfigurationPlatforms) = postSolution
		{DA87D0F3-D037-63D6-8CBE-AB42C10423C5}.Debug|Any CPU.ActiveCfg = Debug|Any CPU
		{DA87D0F3-D037-63D6-8CBE-AB42C10423C5}.Debug|Any CPU.Build.0 = Debug|Any CPU
		{DA87D0F3-D037-63D6-8CBE-AB42C10423C5}.Release|Any CPU.ActiveCfg = Release|Any CPU
		{DA87D0F3-D037-63D6-8CBE-AB42C10423C5}.Release|Any CPU.Build.0 = Release|Any CPU
		{2BFC0228-76B1-B3DE-3378-A1732C593ADA}.Debug|Any CPU.ActiveCfg = Debug|Any CPU
		{2BFC0228-76B1-B3DE-3378-A1732C593ADA}.Debug|Any CPU.Build.0 = Debug|Any CPU
		{2BFC0228-76B1-B3DE-3378-A1732C593ADA}.Release|Any CPU.ActiveCfg = Release|Any CPU
		{2BFC0228-76B1-B3DE-3378-A1732C593ADA}.Release|Any CPU.Build.0 = Release|Any CPU
		{AA502539-597C-9C4E-53CA-E9A8561F44F1}.Debug|Any CPU.ActiveCfg = Debug|Any CPU
		{AA502539-597C-9C4E-53CA-E9A8561F44F1}.Debug|Any CPU.Build.0 = Debug|Any CPU
		{AA502539-597C-9C4E-53CA-E9A8561F44F1}.Release|Any CPU.ActiveCfg = Release|Any CPU
		{AA502539-597C-9C4E-53CA-E9A8561F44F1}.Release|Any CPU.Build.0 = Release|Any CPU
	EndGlobalSection
	GlobalSection(SolutionProperties) = preSolution
		HideSolutionNode = FALSE
	EndGlobalSection
EndGlobal
